
Microsoft Visual Studio Solution File, Format Version 12.00
# Visual Studio Version 16
VisualStudioVersion = 16.0.29709.97
MinimumVisualStudioVersion = 10.0.40219.1
Project("{FAE04EC0-301F-11D3-BF4B-00C04F79EFBC}") = "View", "Views\View.csproj", "{4B8C34E9-443C-4074-B63A-EC95A7FF37AC}"
	ProjectSection(ProjectDependencies) = postProject
		{4052DD64-A635-4A20-B827-6D6B5EABF553} = {4052DD64-A635-4A20-B827-6D6B5EABF553}
	EndProjectSection
EndProject
Project("{FAE04EC0-301F-11D3-BF4B-00C04F79EFBC}") = "Model", "Model\Model.csproj", "{4052DD64-A635-4A20-B827-6D6B5EABF553}"
EndProject
Project("{FAE04EC0-301F-11D3-BF4B-00C04F79EFBC}") = "ConsoleLoader", "ConsoleLoader\ConsoleLoader.csproj", "{18C10D3F-A929-4E4B-8916-50633E000AB3}"
	ProjectSection(ProjectDependencies) = postProject
		{4052DD64-A635-4A20-B827-6D6B5EABF553} = {4052DD64-A635-4A20-B827-6D6B5EABF553}
	EndProjectSection
EndProject
Global
	GlobalSection(SolutionConfigurationPlatforms) = preSolution
		Debug|Any CPU = Debug|Any CPU
		Release|Any CPU = Release|Any CPU
	EndGlobalSection
	GlobalSection(ProjectConfigurationPlatforms) = postSolution
		{4B8C34E9-443C-4074-B63A-EC95A7FF37AC}.Debug|Any CPU.ActiveCfg = Debug|Any CPU
		{4B8C34E9-443C-4074-B63A-EC95A7FF37AC}.Debug|Any CPU.Build.0 = Debug|Any CPU
		{4B8C34E9-443C-4074-B63A-EC95A7FF37AC}.Release|Any CPU.ActiveCfg = Release|Any CPU
		{4B8C34E9-443C-4074-B63A-EC95A7FF37AC}.Release|Any CPU.Build.0 = Release|Any CPU
		{4052DD64-A635-4A20-B827-6D6B5EABF553}.Debug|Any CPU.ActiveCfg = Debug|Any CPU
		{4052DD64-A635-4A20-B827-6D6B5EABF553}.Debug|Any CPU.Build.0 = Debug|Any CPU
		{4052DD64-A635-4A20-B827-6D6B5EABF553}.Release|Any CPU.ActiveCfg = Release|Any CPU
		{4052DD64-A635-4A20-B827-6D6B5EABF553}.Release|Any CPU.Build.0 = Release|Any CPU
		{18C10D3F-A929-4E4B-8916-50633E000AB3}.Debug|Any CPU.ActiveCfg = Debug|Any CPU
		{18C10D3F-A929-4E4B-8916-50633E000AB3}.Debug|Any CPU.Build.0 = Debug|Any CPU
		{18C10D3F-A929-4E4B-8916-50633E000AB3}.Release|Any CPU.ActiveCfg = Release|Any CPU
		{18C10D3F-A929-4E4B-8916-50633E000AB3}.Release|Any CPU.Build.0 = Release|Any CPU
	EndGlobalSection
	GlobalSection(SolutionProperties) = preSolution
		HideSolutionNode = FALSE
	EndGlobalSection
	GlobalSection(ExtensibilityGlobals) = postSolution
		SolutionGuid = {94636590-DECD-402A-99C9-6DBF465EB41D}
	EndGlobalSection
EndGlobal
